
Microsoft Visual Studio Solution File, Format Version 12.00
# Visual Studio 15
VisualStudioVersion = 15.0.27703.2047
MinimumVisualStudioVersion = 10.0.40219.1
Project("{FAE04EC0-301F-11D3-BF4B-00C04F79EFBC}") = "UDPChatConsole", "UDPChatConsole\UDPChatConsole.csproj", "{93CBC683-6946-4C78-B913-EEE468250526}"
EndProject
Global
	GlobalSection(SolutionConfigurationPlatforms) = preSolution
		Debug|Any CPU = Debug|Any CPU
		Release|Any CPU = Release|Any CPU
	EndGlobalSection
	GlobalSection(ProjectConfigurationPlatforms) = postSolution
		{93CBC683-6946-4C78-B913-EEE468250526}.Debug|Any CPU.ActiveCfg = Debug|Any CPU
		{93CBC683-6946-4C78-B913-EEE468250526}.Debug|Any CPU.Build.0 = Debug|Any CPU
		{93CBC683-6946-4C78-B913-EEE468250526}.Release|Any CPU.ActiveCfg = Release|Any CPU
		{93CBC683-6946-4C78-B913-EEE468250526}.Release|Any CPU.Build.0 = Release|Any CPU
	EndGlobalSection
	GlobalSection(SolutionProperties) = preSolution
		HideSolutionNode = FALSE
	EndGlobalSection
	GlobalSection(ExtensibilityGlobals) = postSolution
		SolutionGuid = {159DF2C8-04A8-4F50-9649-EA1CF54A40D5}
	EndGlobalSection
EndGlobal
